Microsoft Visual Studio Solution File, Format Version 11.00
# Visual Studio 2010
Project("{2150E333-8FDC-42A3-9474-1A3956D46DE8}") = "Dependencies", "Dependencies", "{3F848AAE-C60F-4FF8-9DE0-77E96E47765A}"
	ProjectSection(SolutionItems) = preProject
		PoshWpf\Install.ps1 = PoshWpf\Install.ps1
		PoshWpf\UnInstall.ps1 = PoshWpf\UnInstall.ps1
		PoshWpf\WpfTypes.format.ps1xml = PoshWpf\WpfTypes.format.ps1xml
		PoshWpf\WpfTypes.types.ps1xml = PoshWpf\WpfTypes.types.ps1xml
	EndProjectSection
EndProject
Project("{2150E333-8FDC-42A3-9474-1A3956D46DE8}") = "XamlTemplates", "XamlTemplates", "{F00DCE34-8BF6-4A96-8E4B-C272717BC8E4}"
	ProjectSection(SolutionItems) = preProject
		PoshWpf\XamlTemplates\DataTemplates.xaml = PoshWpf\XamlTemplates\DataTemplates.xaml
		PoshWpf\XamlTemplates\DavesGlossyLight.xaml = PoshWpf\XamlTemplates\DavesGlossyLight.xaml
		PoshWpf\XamlTemplates\default.xaml = PoshWpf\XamlTemplates\default.xaml
		PoshWpf\XamlTemplates\huddledcontrols.xaml = PoshWpf\XamlTemplates\huddledcontrols.xaml
	EndProjectSection
EndProject
Project("{FAE04EC0-301F-11D3-BF4B-00C04F79EFBC}") = "PoshConsole.Net4", "PoshConsole\PoshConsole.Net4.csproj", "{44C927E3-2C76-4CA4-9677-28DA10E3FA83}"
EndProject
Project("{FAE04EC0-301F-11D3-BF4B-00C04F79EFBC}") = "Huddled.Net4", "Huddled\Huddled.Net4.csproj", "{23A411B5-657B-4B8E-9B10-D7256D39AD08}"
EndProject
Project("{FAE04EC0-301F-11D3-BF4B-00C04F79EFBC}") = "FontLibrary.Net4", "FontLibrary\FontLibrary.Net4.csproj", "{BB5102A9-8BC9-4051-8A09-A1CEB623B50A}"
EndProject
Project("{FAE04EC0-301F-11D3-BF4B-00C04F79EFBC}") = "HuddledControls.Net4", "HuddledControls\HuddledControls.Net4.csproj", "{969A3CF0-3AA6-499B-995B-C84E8F15B107}"
EndProject
Project("{FAE04EC0-301F-11D3-BF4B-00C04F79EFBC}") = "PoshWpf.Net4", "PoshWpf\PoshWpf.Net4.csproj", "{CF7BB5E9-5C58-4E0F-A37A-96A3C1753370}"
EndProject
Project("{FAE04EC0-301F-11D3-BF4B-00C04F79EFBC}") = "Microsoft.Windows.Shell.Net4", "Microsoft.Windows.Shell\Microsoft.Windows.Shell.Net4.csproj", "{55D5297C-F1DF-4B76-A3C1-D82CC294EEBB}"
EndProject
Project("{2150E333-8FDC-42A3-9474-1A3956D46DE8}") = ".nuget", ".nuget", "{A93EDE2E-89C4-4898-BECA-6E40D42EFB9C}"
	ProjectSection(SolutionItems) = preProject
		.nuget\NuGet.exe = .nuget\NuGet.exe
		.nuget\NuGet.targets = .nuget\NuGet.targets
	EndProjectSection
EndProject
Project("{F2A71F9B-5D33-465A-A702-920D77279786}") = "PoshConsole.TabCompletion", "PoshConsole.TabCompletion\PoshConsole.TabCompletion.fsproj", "{EFF9E729-DF32-4504-845A-335521D32236}"
EndProject
Project("{FAE04EC0-301F-11D3-BF4B-00C04F79EFBC}") = "PoshConsole.PowerShell", "PoshConsole.PowerShell\PoshConsole.PowerShell.csproj", "{C38D3F5E-BB88-49DE-9104-1E7B2FF98F09}"
EndProject
Global
	GlobalSection(SolutionConfigurationPlatforms) = preSolution
		Debug|Any CPU = Debug|Any CPU
		Debug|x64 = Debug|x64
		Debug|x86 = Debug|x86
		Release|Any CPU = Release|Any CPU
		Release|x64 = Release|x64
		Release|x86 = Release|x86
	EndGlobalSection
	GlobalSection(ProjectConfigurationPlatforms) = postSolution
		{44C927E3-2C76-4CA4-9677-28DA10E3FA83}.Debug|Any CPU.ActiveCfg = Debug|Any CPU
		{44C927E3-2C76-4CA4-9677-28DA10E3FA83}.Debug|Any CPU.Build.0 = Debug|Any CPU
		{44C927E3-2C76-4CA4-9677-28DA10E3FA83}.Debug|x64.ActiveCfg = Debug|x64
		{44C927E3-2C76-4CA4-9677-28DA10E3FA83}.Debug|x64.Build.0 = Debug|x64
		{44C927E3-2C76-4CA4-9677-28DA10E3FA83}.Debug|x86.ActiveCfg = Debug|x86
		{44C927E3-2C76-4CA4-9677-28DA10E3FA83}.Debug|x86.Build.0 = Debug|x86
		{44C927E3-2C76-4CA4-9677-28DA10E3FA83}.Release|Any CPU.ActiveCfg = Release|Any CPU
		{44C927E3-2C76-4CA4-9677-28DA10E3FA83}.Release|Any CPU.Build.0 = Release|Any CPU
		{44C927E3-2C76-4CA4-9677-28DA10E3FA83}.Release|x64.ActiveCfg = Release|x64
		{44C927E3-2C76-4CA4-9677-28DA10E3FA83}.Release|x64.Build.0 = Release|x64
		{44C927E3-2C76-4CA4-9677-28DA10E3FA83}.Release|x86.ActiveCfg = Release|x86
		{44C927E3-2C76-4CA4-9677-28DA10E3FA83}.Release|x86.Build.0 = Release|x86
		{23A411B5-657B-4B8E-9B10-D7256D39AD08}.Debug|Any CPU.ActiveCfg = Debug|Any CPU
		{23A411B5-657B-4B8E-9B10-D7256D39AD08}.Debug|Any CPU.Build.0 = Debug|Any CPU
		{23A411B5-657B-4B8E-9B10-D7256D39AD08}.Debug|x64.ActiveCfg = Debug|x64
		{23A411B5-657B-4B8E-9B10-D7256D39AD08}.Debug|x64.Build.0 = Debug|x64
		{23A411B5-657B-4B8E-9B10-D7256D39AD08}.Debug|x86.ActiveCfg = Debug|x86
		{23A411B5-657B-4B8E-9B10-D7256D39AD08}.Debug|x86.Build.0 = Debug|x86
		{23A411B5-657B-4B8E-9B10-D7256D39AD08}.Release|Any CPU.ActiveCfg = Release|Any CPU
		{23A411B5-657B-4B8E-9B10-D7256D39AD08}.Release|Any CPU.Build.0 = Release|Any CPU
		{23A411B5-657B-4B8E-9B10-D7256D39AD08}.Release|x64.ActiveCfg = Release|x64
		{23A411B5-657B-4B8E-9B10-D7256D39AD08}.Release|x64.Build.0 = Release|x64
		{23A411B5-657B-4B8E-9B10-D7256D39AD08}.Release|x86.ActiveCfg = Release|x86
		{23A411B5-657B-4B8E-9B10-D7256D39AD08}.Release|x86.Build.0 = Release|x86
		{BB5102A9-8BC9-4051-8A09-A1CEB623B50A}.Debug|Any CPU.ActiveCfg = Debug|Any CPU
		{BB5102A9-8BC9-4051-8A09-A1CEB623B50A}.Debug|Any CPU.Build.0 = Debug|Any CPU
		{BB5102A9-8BC9-4051-8A09-A1CEB623B50A}.Debug|x64.ActiveCfg = Debug|x64
		{BB5102A9-8BC9-4051-8A09-A1CEB623B50A}.Debug|x64.Build.0 = Debug|x64
		{BB5102A9-8BC9-4051-8A09-A1CEB623B50A}.Debug|x86.ActiveCfg = Debug|x86
		{BB5102A9-8BC9-4051-8A09-A1CEB623B50A}.Debug|x86.Build.0 = Debug|x86
		{BB5102A9-8BC9-4051-8A09-A1CEB623B50A}.Release|Any CPU.ActiveCfg = Release|Any CPU
		{BB5102A9-8BC9-4051-8A09-A1CEB623B50A}.Release|Any CPU.Build.0 = Release|Any CPU
		{BB5102A9-8BC9-4051-8A09-A1CEB623B50A}.Release|x64.ActiveCfg = Release|x64
		{BB5102A9-8BC9-4051-8A09-A1CEB623B50A}.Release|x64.Build.0 = Release|x64
		{BB5102A9-8BC9-4051-8A09-A1CEB623B50A}.Release|x86.ActiveCfg = Release|x86
		{BB5102A9-8BC9-4051-8A09-A1CEB623B50A}.Release|x86.Build.0 = Release|x86
		{969A3CF0-3AA6-499B-995B-C84E8F15B107}.Debug|Any CPU.ActiveCfg = Debug|Any CPU
		{969A3CF0-3AA6-499B-995B-C84E8F15B107}.Debug|Any CPU.Build.0 = Debug|Any CPU
		{969A3CF0-3AA6-499B-995B-C84E8F15B107}.Debug|x64.ActiveCfg = Debug|x64
		{969A3CF0-3AA6-499B-995B-C84E8F15B107}.Debug|x64.Build.0 = Debug|x64
		{969A3CF0-3AA6-499B-995B-C84E8F15B107}.Debug|x86.ActiveCfg = Debug|x86
		{969A3CF0-3AA6-499B-995B-C84E8F15B107}.Debug|x86.Build.0 = Debug|x86
		{969A3CF0-3AA6-499B-995B-C84E8F15B107}.Release|Any CPU.ActiveCfg = Release|Any CPU
		{969A3CF0-3AA6-499B-995B-C84E8F15B107}.Release|Any CPU.Build.0 = Release|Any CPU
		{969A3CF0-3AA6-499B-995B-C84E8F15B107}.Release|x64.ActiveCfg = Release|x64
		{969A3CF0-3AA6-499B-995B-C84E8F15B107}.Release|x64.Build.0 = Release|x64
		{969A3CF0-3AA6-499B-995B-C84E8F15B107}.Release|x86.ActiveCfg = Release|x86
		{969A3CF0-3AA6-499B-995B-C84E8F15B107}.Release|x86.Build.0 = Release|x86
		{CF7BB5E9-5C58-4E0F-A37A-96A3C1753370}.Debug|Any CPU.ActiveCfg = Debug|Any CPU
		{CF7BB5E9-5C58-4E0F-A37A-96A3C1753370}.Debug|Any CPU.Build.0 = Debug|Any CPU
		{CF7BB5E9-5C58-4E0F-A37A-96A3C1753370}.Debug|x64.ActiveCfg = Debug|x64
		{CF7BB5E9-5C58-4E0F-A37A-96A3C1753370}.Debug|x64.Build.0 = Debug|x64
		{CF7BB5E9-5C58-4E0F-A37A-96A3C1753370}.Debug|x86.ActiveCfg = Debug|x86
		{CF7BB5E9-5C58-4E0F-A37A-96A3C1753370}.Debug|x86.Build.0 = Debug|x86
		{CF7BB5E9-5C58-4E0F-A37A-96A3C1753370}.Release|Any CPU.ActiveCfg = Release|Any CPU
		{CF7BB5E9-5C58-4E0F-A37A-96A3C1753370}.Release|Any CPU.Build.0 = Release|Any CPU
		{CF7BB5E9-5C58-4E0F-A37A-96A3C1753370}.Release|x64.ActiveCfg = Release|x64
		{CF7BB5E9-5C58-4E0F-A37A-96A3C1753370}.Release|x64.Build.0 = Release|x64
		{CF7BB5E9-5C58-4E0F-A37A-96A3C1753370}.Release|x86.ActiveCfg = Release|x86
		{CF7BB5E9-5C58-4E0F-A37A-96A3C1753370}.Release|x86.Build.0 = Release|x86
		{55D5297C-F1DF-4B76-A3C1-D82CC294EEBB}.Debug|Any CPU.ActiveCfg = Debug|Any CPU
		{55D5297C-F1DF-4B76-A3C1-D82CC294EEBB}.Debug|Any CPU.Build.0 = Debug|Any CPU
		{55D5297C-F1DF-4B76-A3C1-D82CC294EEBB}.Debug|x64.ActiveCfg = Debug|x64
		{55D5297C-F1DF-4B76-A3C1-D82CC294EEBB}.Debug|x64.Build.0 = Debug|x64
		{55D5297C-F1DF-4B76-A3C1-D82CC294EEBB}.Debug|x86.ActiveCfg = Debug|x86
		{55D5297C-F1DF-4B76-A3C1-D82CC294EEBB}.Debug|x86.Build.0 = Debug|x86
		{55D5297C-F1DF-4B76-A3C1-D82CC294EEBB}.Release|Any CPU.ActiveCfg = Release|Any CPU
		{55D5297C-F1DF-4B76-A3C1-D82CC294EEBB}.Release|Any CPU.Build.0 = Release|Any CPU
		{55D5297C-F1DF-4B76-A3C1-D82CC294EEBB}.Release|x64.ActiveCfg = Release|x64
		{55D5297C-F1DF-4B76-A3C1-D82CC294EEBB}.Release|x64.Build.0 = Release|x64
		{55D5297C-F1DF-4B76-A3C1-D82CC294EEBB}.Release|x86.ActiveCfg = Release|x86
		{55D5297C-F1DF-4B76-A3C1-D82CC294EEBB}.Release|x86.Build.0 = Release|x86
		{EFF9E729-DF32-4504-845A-335521D32236}.Debug|Any CPU.ActiveCfg = Debug|Any CPU
		{EFF9E729-DF32-4504-845A-335521D32236}.Debug|Any CPU.Build.0 = Debug|Any CPU
		{EFF9E729-DF32-4504-845A-335521D32236}.Debug|x64.ActiveCfg = Debug|Any CPU
		{EFF9E729-DF32-4504-845A-335521D32236}.Debug|x86.ActiveCfg = Debug|Any CPU
		{EFF9E729-DF32-4504-845A-335521D32236}.Release|Any CPU.ActiveCfg = Release|Any CPU
		{EFF9E729-DF32-4504-845A-335521D32236}.Release|Any CPU.Build.0 = Release|Any CPU
		{EFF9E729-DF32-4504-845A-335521D32236}.Release|x64.ActiveCfg = Release|Any CPU
		{EFF9E729-DF32-4504-845A-335521D32236}.Release|x86.ActiveCfg = Release|Any CPU
		{C38D3F5E-BB88-49DE-9104-1E7B2FF98F09}.Debug|Any CPU.ActiveCfg = Debug|Any CPU
		{C38D3F5E-BB88-49DE-9104-1E7B2FF98F09}.Debug|Any CPU.Build.0 = Debug|Any CPU
		{C38D3F5E-BB88-49DE-9104-1E7B2FF98F09}.Debug|x64.ActiveCfg = Debug|Any CPU
		{C38D3F5E-BB88-49DE-9104-1E7B2FF98F09}.Debug|x86.ActiveCfg = Debug|Any CPU
		{C38D3F5E-BB88-49DE-9104-1E7B2FF98F09}.Release|Any CPU.ActiveCfg = Release|Any CPU
		{C38D3F5E-BB88-49DE-9104-1E7B2FF98F09}.Release|Any CPU.Build.0 = Release|Any CPU
		{C38D3F5E-BB88-49DE-9104-1E7B2FF98F09}.Release|x64.ActiveCfg = Release|Any CPU
		{C38D3F5E-BB88-49DE-9104-1E7B2FF98F09}.Release|x86.ActiveCfg = Release|Any CPU
	EndGlobalSection
	GlobalSection(SolutionProperties) = preSolution
		HideSolutionNode = FALSE
	EndGlobalSection
	GlobalSection(ExtensibilityGlobals) = postSolution
		CodeStyleEnforcer_Active = -1
		CodeStyleEnforcer_RulesLocation = 0
	EndGlobalSection
	GlobalSection(NDepend) = preSolution
		Project = ".\PoshConsole.Net4.ndproj"
	EndGlobalSection
EndGlobal
